
Microsoft Visual Studio Solution File, Format Version 12.00
# Visual Studio 15
VisualStudioVersion = 15.0.28307.102
MinimumVisualStudioVersion = 10.0.40219.1
Project("{159641D6-6404-4A2A-AE62-294DE0FE8301}") = "IntegrationServicesProject1", "IntegrationServicesProject1\IntegrationServicesProject1.dtproj", "{DDD3ECEB-4546-44BD-86E0-6C09AC7147FF}"
EndProject
Global
	GlobalSection(SolutionConfigurationPlatforms) = preSolution
		Development|Default = Development|Default
	EndGlobalSection
	GlobalSection(ProjectConfigurationPlatforms) = postSolution
		{DDD3ECEB-4546-44BD-86E0-6C09AC7147FF}.Development|Default.ActiveCfg = Development
		{DDD3ECEB-4546-44BD-86E0-6C09AC7147FF}.Development|Default.Build.0 = Development
	EndGlobalSection
	GlobalSection(SolutionProperties) = preSolution
		HideSolutionNode = FALSE
	EndGlobalSection
	GlobalSection(ExtensibilityGlobals) = postSolution
		SolutionGuid = {C7F9268D-15A1-447D-8B52-3872730C908B}
	EndGlobalSection
EndGlobal
